nuwa-skill|fe0374687037c4cc51a65c1e0c145afe2981dc69|2026-09-23
yao-meta-skill|f5d8f681372edae1915991e2de0c23dc306dd30f|2026-09-23
darwin-skill|8a8b66258e3c45d6ae4aea39719468c6428fcb0a|2026-09-23
huashu-design|0830494ecb1c117e25b313a8114fe55a6bf2b125|2026-09-23
huashu-md-html|17192f55d470e2b00ed5dd14cee110599b9eeeaf|2026-09-23
huashu-excel|f941c175fa3da4fc518ef811af1cd9a79fd49878|2026-09-23
tramstop-skill|2f7808859e260ac9eb79bb3836bce1cd3eb2ba2e|2026-09-23
zhangxuefeng-skill|3501b1e679cf595a6af800619af757aba46d7574|2026-09-23
typesafe-ai|65a39f393687675ce170e6094757de20370365b9|2026-09-23
handraw-style|5b5b8dc64fdf780796b5d8d9236394519a519166|2026-09-23
