nuwa-skill|fe0374687037c4cc51a65c1e0c145afe2981dc69|2026-09-17
yao-meta-skill|f5d8f681372edae1915991e2de0c23dc306dd30f|2026-09-17
darwin-skill|5539516444cff4eed7865daf61a707590acda485|2026-09-17
huashu-design|c4b83675d1cdc1a6f43039518db9057749931758|2026-09-17
huashu-md-html|17192f55d470e2b00ed5dd14cee110599b9eeeaf|2026-09-17
huashu-excel|f941c175fa3da4fc518ef811af1cd9a79fd49878|2026-09-17
tramstop-skill|2f7808859e260ac9eb79bb3836bce1cd3eb2ba2e|2026-09-17
zhangxuefeng-skill|3501b1e679cf595a6af800619af757aba46d7574|2026-09-17
